// !$*UTF8*$!
{
	archiveVersion = 1;
	classes = {
	};
	objectVersion = 46;
	objects = {

/* Begin PBXBuildFile section */
		6A13626B1AACE36400AF4414 /* DisplayRecordingsTableViewController.swift in Sources */ = {isa = PBXBuildFile; fileRef = 6A13626A1AACE36400AF4414 /* DisplayRecordingsTableViewController.swift */; };
		6A1932581AA83E1100472F76 /* AppDelegate.swift in Sources */ = {isa = PBXBuildFile; fileRef = 6A1932571AA83E1100472F76 /* AppDelegate.swift */; };
		6A19325A1AA83E1100472F76 /* RecordViewController.swift in Sources */ = {isa = PBXBuildFile; fileRef = 6A1932591AA83E1100472F76 /* RecordViewController.swift */; };
		6A19325D1AA83E1200472F76 /* Main.storyboard in Resources */ = {isa = PBXBuildFile; fileRef = 6A19325B1AA83E1100472F76 /* Main.storyboard */; };
		6A19325F1AA83E1200472F76 /* Images.xcassets in Resources */ = {isa = PBXBuildFile; fileRef = 6A19325E1AA83E1200472F76 /* Images.xcassets */; };
		6A1932621AA83E1200472F76 /* LaunchScreen.xib in Resources */ = {isa = PBXBuildFile; fileRef = 6A1932601AA83E1200472F76 /* LaunchScreen.xib */; };
		6A19326E1AA83E1200472F76 /* SingAsOneTests.swift in Sources */ = {isa = PBXBuildFile; fileRef = 6A19326D1AA83E1200472F76 /* SingAsOneTests.swift */; };
		6A1932781AA8ABD300472F76 /* SongTableViewController.swift in Sources */ = {isa = PBXBuildFile; fileRef = 6A1932771AA8ABD300472F76 /* SongTableViewController.swift */; };
		6A19327A1AA8B7E400472F76 /* LyricsViewController.swift in Sources */ = {isa = PBXBuildFile; fileRef = 6A1932791AA8B7E400472F76 /* LyricsViewController.swift */; };
		6A1932801AA8D1A700472F76 /* LyricsSectionTableViewCell.swift in Sources */ = {isa = PBXBuildFile; fileRef = 6A19327F1AA8D1A700472F76 /* LyricsSectionTableViewCell.swift */; };
		6A1932871AA9182300472F76 /* LetItGo0.txt in Resources */ = {isa = PBXBuildFile; fileRef = 6A1932851AA9182300472F76 /* LetItGo0.txt */; };
		6A1932881AA9182300472F76 /* LetItGo1.txt in Resources */ = {isa = PBXBuildFile; fileRef = 6A1932861AA9182300472F76 /* LetItGo1.txt */; };
		6A19328B1AA926A300472F76 /* LetItGo2.txt in Resources */ = {isa = PBXBuildFile; fileRef = 6A1932891AA926A300472F76 /* LetItGo2.txt */; };
		6A19328C1AA926A300472F76 /* LetItGo3.txt in Resources */ = {isa = PBXBuildFile; fileRef = 6A19328A1AA926A300472F76 /* LetItGo3.txt */; };
		6A435ECF1AB7704000353062 /* listen-icon.png in Resources */ = {isa = PBXBuildFile; fileRef = 6A435ECE1AB7704000353062 /* listen-icon.png */; };
		6A435ED11AB7722400353062 /* rsz_icon_rythme.png in Resources */ = {isa = PBXBuildFile; fileRef = 6A435ED01AB7722400353062 /* rsz_icon_rythme.png */; };
		6A435ED31AB7736200353062 /* rsz_mic.png in Resources */ = {isa = PBXBuildFile; fileRef = 6A435ED21AB7736200353062 /* rsz_mic.png */; };
		6A52419E1AA946DC00FA2AA1 /* DataViewController.swift in Sources */ = {isa = PBXBuildFile; fileRef = 6A52419D1AA946DC00FA2AA1 /* DataViewController.swift */; };
		6A5241A61AAA344400FA2AA1 /* Bolts.framework in Frameworks */ = {isa = PBXBuildFile; fileRef = 6A5241A11AAA344400FA2AA1 /* Bolts.framework */; };
		6A5241A71AAA344400FA2AA1 /* Parse.framework in Frameworks */ = {isa = PBXBuildFile; fileRef = 6A5241A21AAA344400FA2AA1 /* Parse.framework */; };
		6A5241A81AAA344400FA2AA1 /* ParseCrashReporting.framework in Frameworks */ = {isa = PBXBuildFile; fileRef = 6A5241A31AAA344400FA2AA1 /* ParseCrashReporting.framework */; };
		6A5241A91AAA344400FA2AA1 /* ParseFacebookUtils.framework in Frameworks */ = {isa = PBXBuildFile; fileRef = 6A5241A41AAA344400FA2AA1 /* ParseFacebookUtils.framework */; };
		6A5241AA1AAA344400FA2AA1 /* ParseUI.framework in Frameworks */ = {isa = PBXBuildFile; fileRef = 6A5241A51AAA344400FA2AA1 /* ParseUI.framework */; };
		6A5241AD1AAA348500FA2AA1 /* ParseBridge.m in Sources */ = {isa = PBXBuildFile; fileRef = 6A5241AC1AAA348500FA2AA1 /* ParseBridge.m */; };
		6A5241AE1AAA36C400FA2AA1 /* Bolts.framework in Frameworks */ = {isa = PBXBuildFile; fileRef = 6A5241A11AAA344400FA2AA1 /* Bolts.framework */; };
		6A5241B01AAA36C900FA2AA1 /* ParseCrashReporting.framework in Frameworks */ = {isa = PBXBuildFile; fileRef = 6A5241A31AAA344400FA2AA1 /* ParseCrashReporting.framework */; };
		6A5241B11AAA36CE00FA2AA1 /* ParseFacebookUtils.framework in Frameworks */ = {isa = PBXBuildFile; fileRef = 6A5241A41AAA344400FA2AA1 /* ParseFacebookUtils.framework */; };
		6A5241B21AAA36D300FA2AA1 /* ParseUI.framework in Frameworks */ = {isa = PBXBuildFile; fileRef = 6A5241A51AAA344400FA2AA1 /* ParseUI.framework */; };
		6A5241B41AAA38F900FA2AA1 /* libz.dylib in Frameworks */ = {isa = PBXBuildFile; fileRef = 6A5241B31AAA38F900FA2AA1 /* libz.dylib */; };
		6A5241B61AAA390600FA2AA1 /* AudioToolbox.framework in Frameworks */ = {isa = PBXBuildFile; fileRef = 6A5241B51AAA390600FA2AA1 /* AudioToolbox.framework */; };
		6A5241B81AAA391C00FA2AA1 /* CoreGraphics.framework in Frameworks */ = {isa = PBXBuildFile; fileRef = 6A5241B71AAA391C00FA2AA1 /* CoreGraphics.framework */; };
		6A5241BA1AAA392300FA2AA1 /* CoreLocation.framework in Frameworks */ = {isa = PBXBuildFile; fileRef = 6A5241B91AAA392300FA2AA1 /* CoreLocation.framework */; };
		6A5241BC1AAA393100FA2AA1 /* MobileCoreServices.framework in Frameworks */ = {isa = PBXBuildFile; fileRef = 6A5241BB1AAA393100FA2AA1 /* MobileCoreServices.framework */; };
		6A5241BE1AAA393B00FA2AA1 /* QuartzCore.framework in Frameworks */ = {isa = PBXBuildFile; fileRef = 6A5241BD1AAA393B00FA2AA1 /* QuartzCore.framework */; };
		6A5241C01AAA394500FA2AA1 /* Security.framework in Frameworks */ = {isa = PBXBuildFile; fileRef = 6A5241BF1AAA394500FA2AA1 /* Security.framework */; };
		6A5241C21AAA394C00FA2AA1 /* StoreKit.framework in Frameworks */ = {isa = PBXBuildFile; fileRef = 6A5241C11AAA394C00FA2AA1 /* StoreKit.framework */; };
		6A5241C41AAA395400FA2AA1 /* SystemConfiguration.framework in Frameworks */ = {isa = PBXBuildFile; fileRef = 6A5241C31AAA395400FA2AA1 /* SystemConfiguration.framework */; };
		6A5241C61AAA3AD800FA2AA1 /* libsqlite3.dylib in Frameworks */ = {isa = PBXBuildFile; fileRef = 6A5241C51AAA3AD800FA2AA1 /* libsqlite3.dylib */; };
		6A5241C81AAA3C2D00FA2AA1 /* AVFoundation.framework in Frameworks */ = {isa = PBXBuildFile; fileRef = 6A5241C71AAA3C2D00FA2AA1 /* AVFoundation.framework */; };
		6A5241CE1AAC66B200FA2AA1 /* Parse.framework in Frameworks */ = {isa = PBXBuildFile; fileRef = 6A5241A21AAA344400FA2AA1 /* Parse.framework */; };
		6A53E5441AB345CA006E938D /* DisplaySongsTableViewController.swift in Sources */ = {isa = PBXBuildFile; fileRef = 6A53E5431AB345CA006E938D /* DisplaySongsTableViewController.swift */; };
		6A53E5461AB3842B006E938D /* UserSongTableViewCell.swift in Sources */ = {isa = PBXBuildFile; fileRef = 6A53E5451AB3842B006E938D /* UserSongTableViewCell.swift */; };
		6A53E5481AB38450006E938D /* SharedSongTableViewCell.swift in Sources */ = {isa = PBXBuildFile; fileRef = 6A53E5471AB38450006E938D /* SharedSongTableViewCell.swift */; };
		6A8D14991AB16FDD0048CBAE /* SynTableViewCell.swift in Sources */ = {isa = PBXBuildFile; fileRef = 6A8D14981AB16FDD0048CBAE /* SynTableViewCell.swift */; };
		6AB1AA411AAFA53F00D29744 /* RecordingTableViewCell.swift in Sources */ = {isa = PBXBuildFile; fileRef = 6AB1AA401AAFA53F00D29744 /* RecordingTableViewCell.swift */; };
		6AB1AA441AAFD17500D29744 /* AudioConcatenator.swift in Sources */ = {isa = PBXBuildFile; fileRef = 6AB1AA431AAFD17500D29744 /* AudioConcatenator.swift */; };
		6AE3685B1AB3B70F00E52CC6 /* WriteDataToFile.swift in Sources */ = {isa = PBXBuildFile; fileRef = 6AE3685A1AB3B70F00E52CC6 /* WriteDataToFile.swift */; };
		6AE3685D1AB3D21900E52CC6 /* Avatar-Blank.gif in Resources */ = {isa = PBXBuildFile; fileRef = 6AE3685C1AB3D21900E52CC6 /* Avatar-Blank.gif */; };
		6AE368631AB3E42B00E52CC6 /* UserProfileViewController.swift in Sources */ = {isa = PBXBuildFile; fileRef = 6AE368621AB3E42B00E52CC6 /* UserProfileViewController.swift */; };
		6AE368691AB3E99300E52CC6 /* user.png in Resources */ = {isa = PBXBuildFile; fileRef = 6AE368681AB3E99300E52CC6 /* user.png */; };
		6AE368731AB3F81C00E52CC6 /* microphone.png in Resources */ = {isa = PBXBuildFile; fileRef = 6AE368721AB3F81C00E52CC6 /* microphone.png */; };
		6AE368751AB3F88B00E52CC6 /* play.png in Resources */ = {isa = PBXBuildFile; fileRef = 6AE368741AB3F88B00E52CC6 /* play.png */; };
		6AE368771AB3F8F700E52CC6 /* stop.png in Resources */ = {isa = PBXBuildFile; fileRef = 6AE368761AB3F8F700E52CC6 /* stop.png */; };
		6AE368791AB3FBE500E52CC6 /* pause.png in Resources */ = {isa = PBXBuildFile; fileRef = 6AE368781AB3FBE500E52CC6 /* pause.png */; };
		6AE3687B1AB4030E00E52CC6 /* rsz_synthesize.png in Resources */ = {isa = PBXBuildFile; fileRef = 6AE3687A1AB4030E00E52CC6 /* rsz_synthesize.png */; };
		6AE3687D1AB4031700E52CC6 /* rsz_microphone.png in Resources */ = {isa = PBXBuildFile; fileRef = 6AE3687C1AB4031700E52CC6 /* rsz_microphone.png */; };
		6AE3687F1AB4033800E52CC6 /* rsz_headphone.png in Resources */ = {isa = PBXBuildFile; fileRef = 6AE3687E1AB4033800E52CC6 /* rsz_headphone.png */; };
		6AF890CE1AB23F420094AB5E /* SaveViewController.swift in Sources */ = {isa = PBXBuildFile; fileRef = 6AF890CD1AB23F420094AB5E /* SaveViewController.swift */; };
/* End PBXBuildFile section */

/* Begin PBXContainerItemProxy section */
		6A1932681AA83E1200472F76 /* PBXContainerItemProxy */ = {
			isa = PBXContainerItemProxy;
			containerPortal = 6A19324A1AA83E1100472F76 /* Project object */;
			proxyType = 1;
			remoteGlobalIDString = 6A1932511AA83E1100472F76;
			remoteInfo = SingAsOne;
		};
/* End PBXContainerItemProxy section */

/* Begin PBXFileReference section */
		6A13626A1AACE36400AF4414 /* DisplayRecordingsTableViewController.swift */ = {isa = PBXFileReference; fileEncoding = 4; lastKnownFileType = sourcecode.swift; path = DisplayRecordingsTableViewController.swift; sourceTree = "<group>"; };
		6A1932521AA83E1100472F76 /* SingAsOne.app */ = {isa = PBXFileReference; explicitFileType = wrapper.application; includeInIndex = 0; path = SingAsOne.app; sourceTree = BUILT_PRODUCTS_DIR; };
		6A1932561AA83E1100472F76 /* Info.plist */ = {isa = PBXFileReference; lastKnownFileType = text.plist.xml; path = Info.plist; sourceTree = "<group>"; };
		6A1932571AA83E1100472F76 /* AppDelegate.swift */ = {isa = PBXFileReference; lastKnownFileType = sourcecode.swift; path = AppDelegate.swift; sourceTree = "<group>"; };
		6A1932591AA83E1100472F76 /* RecordViewController.swift */ = {isa = PBXFileReference; lastKnownFileType = sourcecode.swift; path = RecordViewController.swift; sourceTree = "<group>"; };
		6A19325C1AA83E1100472F76 /* Base */ = {isa = PBXFileReference; lastKnownFileType = file.storyboard; name = Base; path = Base.lproj/Main.storyboard; sourceTree = "<group>"; };
		6A19325E1AA83E1200472F76 /* Images.xcassets */ = {isa = PBXFileReference; lastKnownFileType = folder.assetcatalog; path = Images.xcassets; sourceTree = "<group>"; };
		6A1932611AA83E1200472F76 /* Base */ = {isa = PBXFileReference; lastKnownFileType = file.xib; name = Base; path = Base.lproj/LaunchScreen.xib; sourceTree = "<group>"; };
		6A1932671AA83E1200472F76 /* SingAsOneTests.xctest */ = {isa = PBXFileReference; explicitFileType = wrapper.cfbundle; includeInIndex = 0; path = SingAsOneTests.xctest; sourceTree = BUILT_PRODUCTS_DIR; };
		6A19326C1AA83E1200472F76 /* Info.plist */ = {isa = PBXFileReference; lastKnownFileType = text.plist.xml; path = Info.plist; sourceTree = "<group>"; };
		6A19326D1AA83E1200472F76 /* SingAsOneTests.swift */ = {isa = PBXFileReference; lastKnownFileType = sourcecode.swift; path = SingAsOneTests.swift; sourceTree = "<group>"; };
		6A1932771AA8ABD300472F76 /* SongTableViewController.swift */ = {isa = PBXFileReference; fileEncoding = 4; lastKnownFileType = sourcecode.swift; path = SongTableViewController.swift; sourceTree = "<group>"; };
		6A1932791AA8B7E400472F76 /* LyricsViewController.swift */ = {isa = PBXFileReference; fileEncoding = 4; lastKnownFileType = sourcecode.swift; path = LyricsViewController.swift; sourceTree = "<group>"; };
		6A19327F1AA8D1A700472F76 /* LyricsSectionTableViewCell.swift */ = {isa = PBXFileReference; fileEncoding = 4; lastKnownFileType = sourcecode.swift; path = LyricsSectionTableViewCell.swift; sourceTree = "<group>"; };
		6A1932851AA9182300472F76 /* LetItGo0.txt */ = {isa = PBXFileReference; fileEncoding = 4; lastKnownFileType = text; path = LetItGo0.txt; sourceTree = "<group>"; };
		6A1932861AA9182300472F76 /* LetItGo1.txt */ = {isa = PBXFileReference; fileEncoding = 4; lastKnownFileType = text; path = LetItGo1.txt; sourceTree = "<group>"; };
		6A1932891AA926A300472F76 /* LetItGo2.txt */ = {isa = PBXFileReference; fileEncoding = 4; lastKnownFileType = text; path = LetItGo2.txt; sourceTree = "<group>"; };
		6A19328A1AA926A300472F76 /* LetItGo3.txt */ = {isa = PBXFileReference; fileEncoding = 4; lastKnownFileType = text; path = LetItGo3.txt; sourceTree = "<group>"; };
		6A435ECE1AB7704000353062 /* listen-icon.png */ = {isa = PBXFileReference; lastKnownFileType = image.png; path = "listen-icon.png"; sourceTree = "<group>"; };
		6A435ED01AB7722400353062 /* rsz_icon_rythme.png */ = {isa = PBXFileReference; lastKnownFileType = image.png; path = rsz_icon_rythme.png; sourceTree = "<group>"; };
		6A435ED21AB7736200353062 /* rsz_mic.png */ = {isa = PBXFileReference; lastKnownFileType = image.png; path = rsz_mic.png; sourceTree = "<group>"; };
		6A52419D1AA946DC00FA2AA1 /* DataViewController.swift */ = {isa = PBXFileReference; fileEncoding = 4; lastKnownFileType = sourcecode.swift; path = DataViewController.swift; sourceTree = "<group>"; };
		6A5241A11AAA344400FA2AA1 /* Bolts.framework */ = {isa = PBXFileReference; lastKnownFileType = wrapper.framework; path = Bolts.framework; sourceTree = "<group>"; };
		6A5241A21AAA344400FA2AA1 /* Parse.framework */ = {isa = PBXFileReference; lastKnownFileType = wrapper.framework; path = Parse.framework; sourceTree = "<group>"; };
		6A5241A31AAA344400FA2AA1 /* ParseCrashReporting.framework */ = {isa = PBXFileReference; lastKnownFileType = wrapper.framework; path = ParseCrashReporting.framework; sourceTree = "<group>"; };
		6A5241A41AAA344400FA2AA1 /* ParseFacebookUtils.framework */ = {isa = PBXFileReference; lastKnownFileType = wrapper.framework; path = ParseFacebookUtils.framework; sourceTree = "<group>"; };
		6A5241A51AAA344400FA2AA1 /* ParseUI.framework */ = {isa = PBXFileReference; lastKnownFileType = wrapper.framework; path = ParseUI.framework; sourceTree = "<group>"; };
		6A5241AB1AAA348500FA2AA1 /* SingAsOne-Bridging-Header.h */ = {isa = PBXFileReference; lastKnownFileType = sourcecode.c.h; path = "SingAsOne-Bridging-Header.h"; sourceTree = "<group>"; };
		6A5241AC1AAA348500FA2AA1 /* ParseBridge.m */ = {isa = PBXFileReference; fileEncoding = 4; lastKnownFileType = sourcecode.c.objc; path = ParseBridge.m; sourceTree = "<group>"; };
		6A5241B31AAA38F900FA2AA1 /* libz.dylib */ = {isa = PBXFileReference; lastKnownFileType = "compiled.mach-o.dylib"; name = libz.dylib; path = usr/lib/libz.dylib; sourceTree = SDKROOT; };
		6A5241B51AAA390600FA2AA1 /* AudioToolbox.framework */ = {isa = PBXFileReference; lastKnownFileType = wrapper.framework; name = AudioToolbox.framework; path = System/Library/Frameworks/AudioToolbox.framework; sourceTree = SDKROOT; };
		6A5241B71AAA391C00FA2AA1 /* CoreGraphics.framework */ = {isa = PBXFileReference; lastKnownFileType = wrapper.framework; name = CoreGraphics.framework; path = System/Library/Frameworks/CoreGraphics.framework; sourceTree = SDKROOT; };
		6A5241B91AAA392300FA2AA1 /* CoreLocation.framework */ = {isa = PBXFileReference; lastKnownFileType = wrapper.framework; name = CoreLocation.framework; path = System/Library/Frameworks/CoreLocation.framework; sourceTree = SDKROOT; };
		6A5241BB1AAA393100FA2AA1 /* MobileCoreServices.framework */ = {isa = PBXFileReference; lastKnownFileType = wrapper.framework; name = MobileCoreServices.framework; path = System/Library/Frameworks/MobileCoreServices.framework; sourceTree = SDKROOT; };
		6A5241BD1AAA393B00FA2AA1 /* QuartzCore.framework */ = {isa = PBXFileReference; lastKnownFileType = wrapper.framework; name = QuartzCore.framework; path = System/Library/Frameworks/QuartzCore.framework; sourceTree = SDKROOT; };
		6A5241BF1AAA394500FA2AA1 /* Security.framework */ = {isa = PBXFileReference; lastKnownFileType = wrapper.framework; name = Security.framework; path = System/Library/Frameworks/Security.framework; sourceTree = SDKROOT; };
		6A5241C11AAA394C00FA2AA1 /* StoreKit.framework */ = {isa = PBXFileReference; lastKnownFileType = wrapper.framework; name = StoreKit.framework; path = System/Library/Frameworks/StoreKit.framework; sourceTree = SDKROOT; };
		6A5241C31AAA395400FA2AA1 /* SystemConfiguration.framework */ = {isa = PBXFileReference; lastKnownFileType = wrapper.framework; name = SystemConfiguration.framework; path = System/Library/Frameworks/SystemConfiguration.framework; sourceTree = SDKROOT; };
		6A5241C51AAA3AD800FA2AA1 /* libsqlite3.dylib */ = {isa = PBXFileReference; lastKnownFileType = "compiled.mach-o.dylib"; name = libsqlite3.dylib; path = usr/lib/libsqlite3.dylib; sourceTree = SDKROOT; };
		6A5241C71AAA3C2D00FA2AA1 /* AVFoundation.framework */ = {isa = PBXFileReference; lastKnownFileType = wrapper.framework; name = AVFoundation.framework; path = System/Library/Frameworks/AVFoundation.framework; sourceTree = SDKROOT; };
		6A53E5431AB345CA006E938D /* DisplaySongsTableViewController.swift */ = {isa = PBXFileReference; fileEncoding = 4; lastKnownFileType = sourcecode.swift; path = DisplaySongsTableViewController.swift; sourceTree = "<group>"; };
		6A53E5451AB3842B006E938D /* UserSongTableViewCell.swift */ = {isa = PBXFileReference; fileEncoding = 4; lastKnownFileType = sourcecode.swift; path = UserSongTableViewCell.swift; sourceTree = "<group>"; };
		6A53E5471AB38450006E938D /* SharedSongTableViewCell.swift */ = {isa = PBXFileReference; fileEncoding = 4; lastKnownFileType = sourcecode.swift; path = SharedSongTableViewCell.swift; sourceTree = "<group>"; };
		6A8D14981AB16FDD0048CBAE /* SynTableViewCell.swift */ = {isa = PBXFileReference; fileEncoding = 4; lastKnownFileType = sourcecode.swift; path = SynTableViewCell.swift; sourceTree = "<group>"; };
		6AB1AA401AAFA53F00D29744 /* RecordingTableViewCell.swift */ = {isa = PBXFileReference; fileEncoding = 4; lastKnownFileType = sourcecode.swift; path = RecordingTableViewCell.swift; sourceTree = "<group>"; };
		6AB1AA431AAFD17500D29744 /* AudioConcatenator.swift */ = {isa = PBXFileReference; fileEncoding = 4; lastKnownFileType = sourcecode.swift; path = AudioConcatenator.swift; sourceTree = "<group>"; };
		6AE3685A1AB3B70F00E52CC6 /* WriteDataToFile.swift */ = {isa = PBXFileReference; fileEncoding = 4; lastKnownFileType = sourcecode.swift; path = WriteDataToFile.swift; sourceTree = "<group>"; };
		6AE3685C1AB3D21900E52CC6 /* Avatar-Blank.gif */ = {isa = PBXFileReference; lastKnownFileType = image.gif; path = "Avatar-Blank.gif"; sourceTree = "<group>"; };
		6AE368621AB3E42B00E52CC6 /* UserProfileViewController.swift */ = {isa = PBXFileReference; fileEncoding = 4; lastKnownFileType = sourcecode.swift; path = UserProfileViewController.swift; sourceTree = "<group>"; };
		6AE368681AB3E99300E52CC6 /* user.png */ = {isa = PBXFileReference; lastKnownFileType = image.png; path = user.png; sourceTree = "<group>"; };
		6AE368721AB3F81C00E52CC6 /* microphone.png */ = {isa = PBXFileReference; lastKnownFileType = image.png; path = microphone.png; sourceTree = "<group>"; };
		6AE368741AB3F88B00E52CC6 /* play.png */ = {isa = PBXFileReference; lastKnownFileType = image.png; path = play.png; sourceTree = "<group>"; };
		6AE368761AB3F8F700E52CC6 /* stop.png */ = {isa = PBXFileReference; lastKnownFileType = image.png; path = stop.png; sourceTree = "<group>"; };
		6AE368781AB3FBE500E52CC6 /* pause.png */ = {isa = PBXFileReference; lastKnownFileType = image.png; path = pause.png; sourceTree = "<group>"; };
		6AE3687A1AB4030E00E52CC6 /* rsz_synthesize.png */ = {isa = PBXFileReference; lastKnownFileType = image.png; path = rsz_synthesize.png; sourceTree = "<group>"; };
		6AE3687C1AB4031700E52CC6 /* rsz_microphone.png */ = {isa = PBXFileReference; lastKnownFileType = image.png; path = rsz_microphone.png; sourceTree = "<group>"; };
		6AE3687E1AB4033800E52CC6 /* rsz_headphone.png */ = {isa = PBXFileReference; lastKnownFileType = image.png; path = rsz_headphone.png; sourceTree = "<group>"; };
		6AF890CD1AB23F420094AB5E /* SaveViewController.swift */ = {isa = PBXFileReference; fileEncoding = 4; lastKnownFileType = sourcecode.swift; path = SaveViewController.swift; sourceTree = "<group>"; };
/* End PBXFileReference section */

/* Begin PBXFrameworksBuildPhase section */
		6A19324F1AA83E1100472F76 /* Frameworks */ = {
			isa = PBXFrameworksBuildPhase;
			buildActionMask = 2147483647;
			files = (
				6A5241C81AAA3C2D00FA2AA1 /* AVFoundation.framework in Frameworks */,
				6A5241C61AAA3AD800FA2AA1 /* libsqlite3.dylib in Frameworks */,
				6A5241C41AAA395400FA2AA1 /* SystemConfiguration.framework in Frameworks */,
				6A5241C21AAA394C00FA2AA1 /* StoreKit.framework in Frameworks */,
				6A5241C01AAA394500FA2AA1 /* Security.framework in Frameworks */,
				6A5241BE1AAA393B00FA2AA1 /* QuartzCore.framework in Frameworks */,
				6A5241BC1AAA393100FA2AA1 /* MobileCoreServices.framework in Frameworks */,
				6A5241BA1AAA392300FA2AA1 /* CoreLocation.framework in Frameworks */,
				6A5241B81AAA391C00FA2AA1 /* CoreGraphics.framework in Frameworks */,
				6A5241B61AAA390600FA2AA1 /* AudioToolbox.framework in Frameworks */,
				6A5241CE1AAC66B200FA2AA1 /* Parse.framework in Frameworks */,
				6A5241B41AAA38F900FA2AA1 /* libz.dylib in Frameworks */,
				6A5241B21AAA36D300FA2AA1 /* ParseUI.framework in Frameworks */,
				6A5241B11AAA36CE00FA2AA1 /* ParseFacebookUtils.framework in Frameworks */,
				6A5241B01AAA36C900FA2AA1 /* ParseCrashReporting.framework in Frameworks */,
				6A5241AE1AAA36C400FA2AA1 /* Bolts.framework in Frameworks */,
			);
			runOnlyForDeploymentPostprocessing = 0;
		};
		6A1932641AA83E1200472F76 /* Frameworks */ = {
			isa = PBXFrameworksBuildPhase;
			buildActionMask = 2147483647;
			files = (
				6A5241A71AAA344400FA2AA1 /* Parse.framework in Frameworks */,
				6A5241A81AAA344400FA2AA1 /* ParseCrashReporting.framework in Frameworks */,
				6A5241AA1AAA344400FA2AA1 /* ParseUI.framework in Frameworks */,
				6A5241A91AAA344400FA2AA1 /* ParseFacebookUtils.framework in Frameworks */,
				6A5241A61AAA344400FA2AA1 /* Bolts.framework in Frameworks */,
			);
			runOnlyForDeploymentPostprocessing = 0;
		};
/* End PBXFrameworksBuildPhase section */

/* Begin PBXGroup section */
		6A1932491AA83E1100472F76 = {
			isa = PBXGroup;
			children = (
				6A5241C71AAA3C2D00FA2AA1 /* AVFoundation.framework */,
				6A5241C51AAA3AD800FA2AA1 /* libsqlite3.dylib */,
				6A5241C31AAA395400FA2AA1 /* SystemConfiguration.framework */,
				6A5241C11AAA394C00FA2AA1 /* StoreKit.framework */,
				6A5241BF1AAA394500FA2AA1 /* Security.framework */,
				6A5241BD1AAA393B00FA2AA1 /* QuartzCore.framework */,
				6A5241BB1AAA393100FA2AA1 /* MobileCoreServices.framework */,
				6A5241B91AAA392300FA2AA1 /* CoreLocation.framework */,
				6A5241B71AAA391C00FA2AA1 /* CoreGraphics.framework */,
				6A5241B51AAA390600FA2AA1 /* AudioToolbox.framework */,
				6A5241B31AAA38F900FA2AA1 /* libz.dylib */,
				6A1932541AA83E1100472F76 /* SingAsOne */,
				6A19326A1AA83E1200472F76 /* SingAsOneTests */,
				6A1932531AA83E1100472F76 /* Products */,
			);
			sourceTree = "<group>";
		};
		6A1932531AA83E1100472F76 /* Products */ = {
			isa = PBXGroup;
			children = (
				6A1932521AA83E1100472F76 /* SingAsOne.app */,
				6A1932671AA83E1200472F76 /* SingAsOneTests.xctest */,
			);
			name = Products;
			sourceTree = "<group>";
		};
		6A1932541AA83E1100472F76 /* SingAsOne */ = {
			isa = PBXGroup;
			children = (
				6AE3686B1AB3F2A900E52CC6 /* Lyrics */,
				6AE3686A1AB3F29800E52CC6 /* Images */,
				6A1932571AA83E1100472F76 /* AppDelegate.swift */,
				6A19325B1AA83E1100472F76 /* Main.storyboard */,
				6A19325E1AA83E1200472F76 /* Images.xcassets */,
				6A1932601AA83E1200472F76 /* LaunchScreen.xib */,
				6A1932551AA83E1100472F76 /* Supporting Files */,
			);
			path = SingAsOne;
			sourceTree = "<group>";
		};
		6A1932551AA83E1100472F76 /* Supporting Files */ = {
			isa = PBXGroup;
			children = (
				6AF890CD1AB23F420094AB5E /* SaveViewController.swift */,
				6A1932591AA83E1100472F76 /* RecordViewController.swift */,
				6A13626A1AACE36400AF4414 /* DisplayRecordingsTableViewController.swift */,
				6A1932791AA8B7E400472F76 /* LyricsViewController.swift */,
				6A19327F1AA8D1A700472F76 /* LyricsSectionTableViewCell.swift */,
				6A52419D1AA946DC00FA2AA1 /* DataViewController.swift */,
				6A5241AC1AAA348500FA2AA1 /* ParseBridge.m */,
				6A5241AB1AAA348500FA2AA1 /* SingAsOne-Bridging-Header.h */,
				6A1932561AA83E1100472F76 /* Info.plist */,
				6A1932771AA8ABD300472F76 /* SongTableViewController.swift */,
				6AB1AA401AAFA53F00D29744 /* RecordingTableViewCell.swift */,
				6A8D14981AB16FDD0048CBAE /* SynTableViewCell.swift */,
				6A53E5431AB345CA006E938D /* DisplaySongsTableViewController.swift */,
				6A53E5451AB3842B006E938D /* UserSongTableViewCell.swift */,
				6A53E5471AB38450006E938D /* SharedSongTableViewCell.swift */,
				6AB1AA431AAFD17500D29744 /* AudioConcatenator.swift */,
				6AE3685A1AB3B70F00E52CC6 /* WriteDataToFile.swift */,
				6AE368621AB3E42B00E52CC6 /* UserProfileViewController.swift */,
			);
			name = "Supporting Files";
			sourceTree = "<group>";
		};
		6A19326A1AA83E1200472F76 /* SingAsOneTests */ = {
			isa = PBXGroup;
			children = (
				6A5241A11AAA344400FA2AA1 /* Bolts.framework */,
				6A5241A21AAA344400FA2AA1 /* Parse.framework */,
				6A5241A31AAA344400FA2AA1 /* ParseCrashReporting.framework */,
				6A5241A41AAA344400FA2AA1 /* ParseFacebookUtils.framework */,
				6A5241A51AAA344400FA2AA1 /* ParseUI.framework */,
				6A19326D1AA83E1200472F76 /* SingAsOneTests.swift */,
				6A19326B1AA83E1200472F76 /* Supporting Files */,
			);
			path = SingAsOneTests;
			sourceTree = "<group>";
		};
		6A19326B1AA83E1200472F76 /* Supporting Files */ = {
			isa = PBXGroup;
			children = (
				6A19326C1AA83E1200472F76 /* Info.plist */,
			);
			name = "Supporting Files";
			sourceTree = "<group>";
		};
		6AE3686A1AB3F29800E52CC6 /* Images */ = {
			isa = PBXGroup;
			children = (
				6A435ECE1AB7704000353062 /* listen-icon.png */,
				6A435ED01AB7722400353062 /* rsz_icon_rythme.png */,
				6A435ED21AB7736200353062 /* rsz_mic.png */,
				6AE3687C1AB4031700E52CC6 /* rsz_microphone.png */,
				6AE3687A1AB4030E00E52CC6 /* rsz_synthesize.png */,
				6AE3687E1AB4033800E52CC6 /* rsz_headphone.png */,
				6AE368781AB3FBE500E52CC6 /* pause.png */,
				6AE368761AB3F8F700E52CC6 /* stop.png */,
				6AE368741AB3F88B00E52CC6 /* play.png */,
				6AE368721AB3F81C00E52CC6 /* microphone.png */,
				6AE3685C1AB3D21900E52CC6 /* Avatar-Blank.gif */,
				6AE368681AB3E99300E52CC6 /* user.png */,
			);
			name = Images;
			sourceTree = "<group>";
		};
		6AE3686B1AB3F2A900E52CC6 /* Lyrics */ = {
			isa = PBXGroup;
			children = (
				6A1932861AA9182300472F76 /* LetItGo1.txt */,
				6A1932891AA926A300472F76 /* LetItGo2.txt */,
				6A19328A1AA926A300472F76 /* LetItGo3.txt */,
				6A1932851AA9182300472F76 /* LetItGo0.txt */,
			);
			name = Lyrics;
			sourceTree = "<group>";
		};
/* End PBXGroup section */

/* Begin PBXNativeTarget section */
		6A1932511AA83E1100472F76 /* SingAsOne */ = {
			isa = PBXNativeTarget;
			buildConfigurationList = 6A1932711AA83E1200472F76 /* Build configuration list for PBXNativeTarget "SingAsOne" */;
			buildPhases = (
				6A19324E1AA83E1100472F76 /* Sources */,
				6A19324F1AA83E1100472F76 /* Frameworks */,
				6A1932501AA83E1100472F76 /* Resources */,
			);
			buildRules = (
			);
			dependencies = (
			);
			name = SingAsOne;
			productName = SingAsOne;
			productReference = 6A1932521AA83E1100472F76 /* SingAsOne.app */;
			productType = "com.apple.product-type.application";
		};
		6A1932661AA83E1200472F76 /* SingAsOneTests */ = {
			isa = PBXNativeTarget;
			buildConfigurationList = 6A1932741AA83E1200472F76 /* Build configuration list for PBXNativeTarget "SingAsOneTests" */;
			buildPhases = (
				6A1932631AA83E1200472F76 /* Sources */,
				6A1932641AA83E1200472F76 /* Frameworks */,
				6A1932651AA83E1200472F76 /* Resources */,
			);
			buildRules = (
			);
			dependencies = (
				6A1932691AA83E1200472F76 /* PBXTargetDependency */,
			);
			name = SingAsOneTests;
			productName = SingAsOneTests;
			productReference = 6A1932671AA83E1200472F76 /* SingAsOneTests.xctest */;
			productType = "com.apple.product-type.bundle.unit-test";
		};
/* End PBXNativeTarget section */

/* Begin PBXProject section */
		6A19324A1AA83E1100472F76 /* Project object */ = {
			isa = PBXProject;
			attributes = {
				LastUpgradeCheck = 0610;
				ORGANIZATIONNAME = "Jia Wen Li";
				TargetAttributes = {
					6A1932511AA83E1100472F76 = {
						CreatedOnToolsVersion = 6.1.1;
					};
					6A1932661AA83E1200472F76 = {
						CreatedOnToolsVersion = 6.1.1;
						TestTargetID = 6A1932511AA83E1100472F76;
					};
				};
			};
			buildConfigurationList = 6A19324D1AA83E1100472F76 /* Build configuration list for PBXProject "SingAsOne" */;
			compatibilityVersion = "Xcode 3.2";
			developmentRegion = English;
			hasScannedForEncodings = 0;
			knownRegions = (
				en,
				Base,
			);
			mainGroup = 6A1932491AA83E1100472F76;
			productRefGroup = 6A1932531AA83E1100472F76 /* Products */;
			projectDirPath = "";
			projectRoot = "";
			targets = (
				6A1932511AA83E1100472F76 /* SingAsOne */,
				6A1932661AA83E1200472F76 /* SingAsOneTests */,
			);
		};
/* End PBXProject section */

/* Begin PBXResourcesBuildPhase section */
		6A1932501AA83E1100472F76 /* Resources */ = {
			isa = PBXResourcesBuildPhase;
			buildActionMask = 2147483647;
			files = (
				6AE3685D1AB3D21900E52CC6 /* Avatar-Blank.gif in Resources */,
				6AE3687D1AB4031700E52CC6 /* rsz_microphone.png in Resources */,
				6AE368791AB3FBE500E52CC6 /* pause.png in Resources */,
				6A435ECF1AB7704000353062 /* listen-icon.png in Resources */,
				6A19325D1AA83E1200472F76 /* Main.storyboard in Resources */,
				6A19328C1AA926A300472F76 /* LetItGo3.txt in Resources */,
				6A1932621AA83E1200472F76 /* LaunchScreen.xib in Resources */,
				6A1932871AA9182300472F76 /* LetItGo0.txt in Resources */,
				6AE368771AB3F8F700E52CC6 /* stop.png in Resources */,
				6A435ED11AB7722400353062 /* rsz_icon_rythme.png in Resources */,
				6A19325F1AA83E1200472F76 /* Images.xcassets in Resources */,
				6AE368691AB3E99300E52CC6 /* user.png in Resources */,
				6AE368751AB3F88B00E52CC6 /* play.png in Resources */,
				6A435ED31AB7736200353062 /* rsz_mic.png in Resources */,
				6AE368731AB3F81C00E52CC6 /* microphone.png in Resources */,
				6AE3687B1AB4030E00E52CC6 /* rsz_synthesize.png in Resources */,
				6A19328B1AA926A300472F76 /* LetItGo2.txt in Resources */,
				6AE3687F1AB4033800E52CC6 /* rsz_headphone.png in Resources */,
				6A1932881AA9182300472F76 /* LetItGo1.txt in Resources */,
			);
			runOnlyForDeploymentPostprocessing = 0;
		};
		6A1932651AA83E1200472F76 /* Resources */ = {
			isa = PBXResourcesBuildPhase;
			buildActionMask = 2147483647;
			files = (
			);
			runOnlyForDeploymentPostprocessing = 0;
		};
/* End PBXResourcesBuildPhase section */

/* Begin PBXSourcesBuildPhase section */
		6A19324E1AA83E1100472F76 /* Sources */ = {
			isa = PBXSourcesBuildPhase;
			buildActionMask = 2147483647;
			files = (
				6A19325A1AA83E1100472F76 /* RecordViewController.swift in Sources */,
				6A53E5441AB345CA006E938D /* DisplaySongsTableViewController.swift in Sources */,
				6AB1AA411AAFA53F00D29744 /* RecordingTableViewCell.swift in Sources */,
				6A53E5461AB3842B006E938D /* UserSongTableViewCell.swift in Sources */,
				6A13626B1AACE36400AF4414 /* DisplayRecordingsTableViewController.swift in Sources */,
				6AE368631AB3E42B00E52CC6 /* UserProfileViewController.swift in Sources */,
				6AB1AA441AAFD17500D29744 /* AudioConcatenator.swift in Sources */,
				6A52419E1AA946DC00FA2AA1 /* DataViewController.swift in Sources */,
				6A1932781AA8ABD300472F76 /* SongTableViewController.swift in Sources */,
				6AE3685B1AB3B70F00E52CC6 /* WriteDataToFile.swift in Sources */,
				6A53E5481AB38450006E938D /* SharedSongTableViewCell.swift in Sources */,
				6A8D14991AB16FDD0048CBAE /* SynTableViewCell.swift in Sources */,
				6A1932801AA8D1A700472F76 /* LyricsSectionTableViewCell.swift in Sources */,
				6A19327A1AA8B7E400472F76 /* LyricsViewController.swift in Sources */,
				6AF890CE1AB23F420094AB5E /* SaveViewController.swift in Sources */,
				6A5241AD1AAA348500FA2AA1 /* ParseBridge.m in Sources */,
				6A1932581AA83E1100472F76 /* AppDelegate.swift in Sources */,
			);
			runOnlyForDeploymentPostprocessing = 0;
		};
		6A1932631AA83E1200472F76 /* Sources */ = {
			isa = PBXSourcesBuildPhase;
			buildActionMask = 2147483647;
			files = (
				6A19326E1AA83E1200472F76 /* SingAsOneTests.swift in Sources */,
			);
			runOnlyForDeploymentPostprocessing = 0;
		};
/* End PBXSourcesBuildPhase section */

/* Begin PBXTargetDependency section */
		6A1932691AA83E1200472F76 /* PBXTargetDependency */ = {
			isa = PBXTargetDependency;
			target = 6A1932511AA83E1100472F76 /* SingAsOne */;
			targetProxy = 6A1932681AA83E1200472F76 /* PBXContainerItemProxy */;
		};
/* End PBXTargetDependency section */

/* Begin PBXVariantGroup section */
		6A19325B1AA83E1100472F76 /* Main.storyboard */ = {
			isa = PBXVariantGroup;
			children = (
				6A19325C1AA83E1100472F76 /* Base */,
			);
			name = Main.storyboard;
			sourceTree = "<group>";
		};
		6A1932601AA83E1200472F76 /* LaunchScreen.xib */ = {
			isa = PBXVariantGroup;
			children = (
				6A1932611AA83E1200472F76 /* Base */,
			);
			name = LaunchScreen.xib;
			sourceTree = "<group>";
		};
/* End PBXVariantGroup section */

/* Begin XCBuildConfiguration section */
		6A19326F1AA83E1200472F76 /* Debug */ = {
			isa = XCBuildConfiguration;
			buildSettings = {
				ALWAYS_SEARCH_USER_PATHS = NO;
				CLANG_CXX_LANGUAGE_STANDARD = "gnu++0x";
				CLANG_CXX_LIBRARY = "libc++";
				CLANG_ENABLE_MODULES = YES;
				CLANG_ENABLE_OBJC_ARC = YES;
				CLANG_WARN_BOOL_CONVERSION = YES;
				CLANG_WARN_CONSTANT_CONVERSION = YES;
				CLANG_WARN_DIRECT_OBJC_ISA_USAGE = YES_ERROR;
				CLANG_WARN_EMPTY_BODY = YES;
				CLANG_WARN_ENUM_CONVERSION = YES;
				CLANG_WARN_INT_CONVERSION = YES;
				CLANG_WARN_OBJC_ROOT_CLASS = YES_ERROR;
				CLANG_WARN_UNREACHABLE_CODE = YES;
				CLANG_WARN__DUPLICATE_METHOD_MATCH = YES;
				"CODE_SIGN_IDENTITY[sdk=iphoneos*]" = "iPhone Developer";
				COPY_PHASE_STRIP = NO;
				ENABLE_STRICT_OBJC_MSGSEND = YES;
				GCC_C_LANGUAGE_STANDARD = gnu99;
				GCC_DYNAMIC_NO_PIC = NO;
				GCC_OPTIMIZATION_LEVEL = 0;
				GCC_PREPROCESSOR_DEFINITIONS = (
					"DEBUG=1",
					"$(inherited)",
				);
				GCC_SYMBOLS_PRIVATE_EXTERN = NO;
				GCC_WARN_64_TO_32_BIT_CONVERSION = YES;
				GCC_WARN_ABOUT_RETURN_TYPE = YES_ERROR;
				GCC_WARN_UNDECLARED_SELECTOR = YES;
				GCC_WARN_UNINITIALIZED_AUTOS = YES_AGGRESSIVE;
				GCC_WARN_UNUSED_FUNCTION = YES;
				GCC_WARN_UNUSED_VARIABLE = YES;
				IPHONEOS_DEPLOYMENT_TARGET = 8.1;
				MTL_ENABLE_DEBUG_INFO = YES;
				ONLY_ACTIVE_ARCH = YES;
				SDKROOT = iphoneos;
				SWIFT_OPTIMIZATION_LEVEL = "-Onone";
				TARGETED_DEVICE_FAMILY = "1,2";
			};
			name = Debug;
		};
		6A1932701AA83E1200472F76 /* Release */ = {
			isa = XCBuildConfiguration;
			buildSettings = {
				ALWAYS_SEARCH_USER_PATHS = NO;
				CLANG_CXX_LANGUAGE_STANDARD = "gnu++0x";
				CLANG_CXX_LIBRARY = "libc++";
				CLANG_ENABLE_MODULES = YES;
				CLANG_ENABLE_OBJC_ARC = YES;
				CLANG_WARN_BOOL_CONVERSION = YES;
				CLANG_WARN_CONSTANT_CONVERSION = YES;
				CLANG_WARN_DIRECT_OBJC_ISA_USAGE = YES_ERROR;
				CLANG_WARN_EMPTY_BODY = YES;
				CLANG_WARN_ENUM_CONVERSION = YES;
				CLANG_WARN_INT_CONVERSION = YES;
				CLANG_WARN_OBJC_ROOT_CLASS = YES_ERROR;
				CLANG_WARN_UNREACHABLE_CODE = YES;
				CLANG_WARN__DUPLICATE_METHOD_MATCH = YES;
				"CODE_SIGN_IDENTITY[sdk=iphoneos*]" = "iPhone Developer";
				COPY_PHASE_STRIP = YES;
				ENABLE_NS_ASSERTIONS = NO;
				ENABLE_STRICT_OBJC_MSGSEND = YES;
				GCC_C_LANGUAGE_STANDARD = gnu99;
				GCC_WARN_64_TO_32_BIT_CONVERSION = YES;
				GCC_WARN_ABOUT_RETURN_TYPE = YES_ERROR;
				GCC_WARN_UNDECLARED_SELECTOR = YES;
				GCC_WARN_UNINITIALIZED_AUTOS = YES_AGGRESSIVE;
				GCC_WARN_UNUSED_FUNCTION = YES;
				GCC_WARN_UNUSED_VARIABLE = YES;
				IPHONEOS_DEPLOYMENT_TARGET = 8.1;
				MTL_ENABLE_DEBUG_INFO = NO;
				SDKROOT = iphoneos;
				TARGETED_DEVICE_FAMILY = "1,2";
				VALIDATE_PRODUCT = YES;
			};
			name = Release;
		};
		6A1932721AA83E1200472F76 /* Debug */ = {
			isa = XCBuildConfiguration;
			buildSettings = {
				ASSETCATALOG_COMPILER_APPICON_NAME = AppIcon;
				CLANG_ENABLE_MODULES = YES;
				FRAMEWORK_SEARCH_PATHS = (
					"$(inherited)",
					"$(PROJECT_DIR)/SingAsOneTests",
				);
				INFOPLIST_FILE = SingAsOne/Info.plist;
				LD_RUNPATH_SEARCH_PATHS = "$(inherited) @executable_path/Frameworks";
				PRODUCT_NAME = "$(TARGET_NAME)";
				SWIFT_OBJC_BRIDGING_HEADER = "SingAsOne/SingAsOne-Bridging-Header.h";
				SWIFT_OPTIMIZATION_LEVEL = "-Onone";
			};
			name = Debug;
		};
		6A1932731AA83E1200472F76 /* Release */ = {
			isa = XCBuildConfiguration;
			buildSettings = {
				ASSETCATALOG_COMPILER_APPICON_NAME = AppIcon;
				CLANG_ENABLE_MODULES = YES;
				FRAMEWORK_SEARCH_PATHS = (
					"$(inherited)",
					"$(PROJECT_DIR)/SingAsOneTests",
				);
				INFOPLIST_FILE = SingAsOne/Info.plist;
				LD_RUNPATH_SEARCH_PATHS = "$(inherited) @executable_path/Frameworks";
				PRODUCT_NAME = "$(TARGET_NAME)";
				SWIFT_OBJC_BRIDGING_HEADER = "SingAsOne/SingAsOne-Bridging-Header.h";
			};
			name = Release;
		};
		6A1932751AA83E1200472F76 /* Debug */ = {
			isa = XCBuildConfiguration;
			buildSettings = {
				BUNDLE_LOADER = "$(TEST_HOST)";
				FRAMEWORK_SEARCH_PATHS = (
					"$(SDKROOT)/Developer/Library/Frameworks",
					"$(inherited)",
					"$(PROJECT_DIR)/SingAsOneTests",
				);
				GCC_PREPROCESSOR_DEFINITIONS = (
					"DEBUG=1",
					"$(inherited)",
				);
				INFOPLIST_FILE = SingAsOneTests/Info.plist;
				LD_RUNPATH_SEARCH_PATHS = "$(inherited) @executable_path/Frameworks @loader_path/Frameworks";
				PRODUCT_NAME = "$(TARGET_NAME)";
				TEST_HOST = "$(BUILT_PRODUCTS_DIR)/SingAsOne.app/SingAsOne";
			};
			name = Debug;
		};
		6A1932761AA83E1200472F76 /* Release */ = {
			isa = XCBuildConfiguration;
			buildSettings = {
				BUNDLE_LOADER = "$(TEST_HOST)";
				FRAMEWORK_SEARCH_PATHS = (
					"$(SDKROOT)/Developer/Library/Frameworks",
					"$(inherited)",
					"$(PROJECT_DIR)/SingAsOneTests",
				);
				INFOPLIST_FILE = SingAsOneTests/Info.plist;
				LD_RUNPATH_SEARCH_PATHS = "$(inherited) @executable_path/Frameworks @loader_path/Frameworks";
				PRODUCT_NAME = "$(TARGET_NAME)";
				TEST_HOST = "$(BUILT_PRODUCTS_DIR)/SingAsOne.app/SingAsOne";
			};
			name = Release;
		};
/* End XCBuildConfiguration section */

/* Begin XCConfigurationList section */
		6A19324D1AA83E1100472F76 /* Build configuration list for PBXProject "SingAsOne" */ = {
			isa = XCConfigurationList;
			buildConfigurations = (
				6A19326F1AA83E1200472F76 /* Debug */,
				6A1932701AA83E1200472F76 /* Release */,
			);
			defaultConfigurationIsVisible = 0;
			defaultConfigurationName = Release;
		};
		6A1932711AA83E1200472F76 /* Build configuration list for PBXNativeTarget "SingAsOne" */ = {
			isa = XCConfigurationList;
			buildConfigurations = (
				6A1932721AA83E1200472F76 /* Debug */,
				6A1932731AA83E1200472F76 /* Release */,
			);
			defaultConfigurationIsVisible = 0;
			defaultConfigurationName = Release;
		};
		6A1932741AA83E1200472F76 /* Build configuration list for PBXNativeTarget "SingAsOneTests" */ = {
			isa = XCConfigurationList;
			buildConfigurations = (
				6A1932751AA83E1200472F76 /* Debug */,
				6A1932761AA83E1200472F76 /* Release */,
			);
			defaultConfigurationIsVisible = 0;
			defaultConfigurationName = Release;
		};
/* End XCConfigurationList section */
	};
	rootObject = 6A19324A1AA83E1100472F76 /* Project object */;
}
